PODS:
  - BinartOCUtility (0.3.0)
  - Expecta (1.0.6)
  - Specta (1.0.7)

DEPENDENCIES:
  - BinartOCUtility (from `../`)
  - Expecta
  - Specta

SPEC REPOS:
  trunk:
    - Expecta
    - Specta

EXTERNAL SOURCES:
  BinartOCUtility:
    :path: "../"

SPEC CHECKSUMS:
  BinartOCUtility: f2e831f3ea3ce5034d45a65f8a5805b84def28dd
  Expecta: 3b6bd90a64b9a1dcb0b70aa0e10a7f8f631667d5
  Specta: 3e1bd89c3517421982dc4d1c992503e48bd5fe66

PODFILE CHECKSUM: ff44af43bad54bde1be685ae24622a205c331d03

COCOAPODS: 1.9.3
